
Microsoft Visual Studio Solution File, Format Version 12.00
# Visual Studio Version 16
VisualStudioVersion = 16.0.30330.147
MinimumVisualStudioVersion = 10.0.40219.1
Project("{FAE04EC0-301F-11D3-BF4B-00C04F79EFBC}") = "EvalFernandoAguirre", "EvalFernandoAguirre\EvalFernandoAguirre.csproj", "{FE2F8E97-6746-4A0C-90A4-412BA6D6855C}"
EndProject
Global
	GlobalSection(SolutionConfigurationPlatforms) = preSolution
		Debug|Any CPU = Debug|Any CPU
		Release|Any CPU = Release|Any CPU
	EndGlobalSection
	GlobalSection(ProjectConfigurationPlatforms) = postSolution
		{FE2F8E97-6746-4A0C-90A4-412BA6D6855C}.Debug|Any CPU.ActiveCfg = Debug|Any CPU
		{FE2F8E97-6746-4A0C-90A4-412BA6D6855C}.Debug|Any CPU.Build.0 = Debug|Any CPU
		{FE2F8E97-6746-4A0C-90A4-412BA6D6855C}.Release|Any CPU.ActiveCfg = Release|Any CPU
		{FE2F8E97-6746-4A0C-90A4-412BA6D6855C}.Release|Any CPU.Build.0 = Release|Any CPU
	EndGlobalSection
	GlobalSection(SolutionProperties) = preSolution
		HideSolutionNode = FALSE
	EndGlobalSection
	GlobalSection(ExtensibilityGlobals) = postSolution
		SolutionGuid = {F0646964-A58C-49D2-8A5D-41E47FB079F1}
	EndGlobalSection
EndGlobal
